
Microsoft Visual Studio Solution File, Format Version 12.00
# Visual Studio Version 17
VisualStudioVersion = 17.14.36414.22
MinimumVisualStudioVersion = 10.0.40219.1
Project("{FAE04EC0-301F-11D3-BF4B-00C04F79EFBC}") = "ConsoleApp", "ConsoleApp\ConsoleApp.csproj", "{73F08515-4E56-4982-ACC8-415D4C2056D4}"
EndProject
Project("{FAE04EC0-301F-11D3-BF4B-00C04F79EFBC}") = "Model", "Model\Model.csproj", "{B72086D4-7292-48A7-A37D-EDAB435C54EB}"
EndProject
Project("{FAE04EC0-301F-11D3-BF4B-00C04F79EFBC}") = "DataAccess", "DataAccess\DataAccess.csproj", "{D6D91EBE-1B7F-40A5-998A-64F677452D03}"
EndProject
Project("{FAE04EC0-301F-11D3-BF4B-00C04F79EFBC}") = "WpfApp", "WpfApp\WpfApp.csproj", "{0A04CDC4-375D-4E19-BB2F-C389761B1E00}"
EndProject
Global
	GlobalSection(SolutionConfigurationPlatforms) = preSolution
		Debug|Any CPU = Debug|Any CPU
		Release|Any CPU = Release|Any CPU
	EndGlobalSection
	GlobalSection(ProjectConfigurationPlatforms) = postSolution
		{73F08515-4E56-4982-ACC8-415D4C2056D4}.Debug|Any CPU.ActiveCfg = Debug|Any CPU
		{73F08515-4E56-4982-ACC8-415D4C2056D4}.Debug|Any CPU.Build.0 = Debug|Any CPU
		{73F08515-4E56-4982-ACC8-415D4C2056D4}.Release|Any CPU.ActiveCfg = Release|Any CPU
		{73F08515-4E56-4982-ACC8-415D4C2056D4}.Release|Any CPU.Build.0 = Release|Any CPU
		{B72086D4-7292-48A7-A37D-EDAB435C54EB}.Debug|Any CPU.ActiveCfg = Debug|Any CPU
		{B72086D4-7292-48A7-A37D-EDAB435C54EB}.Debug|Any CPU.Build.0 = Debug|Any CPU
		{B72086D4-7292-48A7-A37D-EDAB435C54EB}.Release|Any CPU.ActiveCfg = Release|Any CPU
		{B72086D4-7292-48A7-A37D-EDAB435C54EB}.Release|Any CPU.Build.0 = Release|Any CPU
		{D6D91EBE-1B7F-40A5-998A-64F677452D03}.Debug|Any CPU.ActiveCfg = Debug|Any CPU
		{D6D91EBE-1B7F-40A5-998A-64F677452D03}.Debug|Any CPU.Build.0 = Debug|Any CPU
		{D6D91EBE-1B7F-40A5-998A-64F677452D03}.Release|Any CPU.ActiveCfg = Release|Any CPU
		{D6D91EBE-1B7F-40A5-998A-64F677452D03}.Release|Any CPU.Build.0 = Release|Any CPU
		{0A04CDC4-375D-4E19-BB2F-C389761B1E00}.Debug|Any CPU.ActiveCfg = Debug|Any CPU
		{0A04CDC4-375D-4E19-BB2F-C389761B1E00}.Debug|Any CPU.Build.0 = Debug|Any CPU
		{0A04CDC4-375D-4E19-BB2F-C389761B1E00}.Release|Any CPU.ActiveCfg = Release|Any CPU
		{0A04CDC4-375D-4E19-BB2F-C389761B1E00}.Release|Any CPU.Build.0 = Release|Any CPU
	EndGlobalSection
	GlobalSection(SolutionProperties) = preSolution
		HideSolutionNode = FALSE
	EndGlobalSection
	GlobalSection(ExtensibilityGlobals) = postSolution
		SolutionGuid = {A8F80F13-2DBF-4C44-B3CC-B423C7F1CC9A}
	EndGlobalSection
EndGlobal
